// !$*UTF8*$!
{
	archiveVersion = 1;
	classes = {
	};
	objectVersion = 44;
	objects = {

/* Begin PBXBuildFile section */
		22301F4A10D7BC6C00C1989F /* JitterAPI.framework in Frameworks */ = {isa = PBXBuildFile; fileRef = 22301F4910D7BC6C00C1989F /* JitterAPI.framework */; };
		2FBBEADE08F335360078DB84 /* MaxAPI.framework in Frameworks */ = {isa = PBXBuildFile; fileRef = 54266BCE05E6E9780000000C /* MaxAPI.framework */; };
		4360302E129F00D4002B9B68 /* avjit.xcconfig in Resources */ = {isa = PBXBuildFile; fileRef = 4360302D129F00D4002B9B68 /* avjit.xcconfig */; };
		43603035129F0130002B9B68 /* libAR.a in Frameworks */ = {isa = PBXBuildFile; fileRef = 4360302F129F0130002B9B68 /* libAR.a */; };
		43603036129F0130002B9B68 /* libARgsub_lite.a in Frameworks */ = {isa = PBXBuildFile; fileRef = 43603030129F0130002B9B68 /* libARgsub_lite.a */; };
		43603037129F0130002B9B68 /* libARgsub.a in Frameworks */ = {isa = PBXBuildFile; fileRef = 43603031129F0130002B9B68 /* libARgsub.a */; };
		43603038129F0130002B9B68 /* libARgsubUtil.a in Frameworks */ = {isa = PBXBuildFile; fileRef = 43603032129F0130002B9B68 /* libARgsubUtil.a */; };
		43603039129F0130002B9B68 /* libARMulti.a in Frameworks */ = {isa = PBXBuildFile; fileRef = 43603033129F0130002B9B68 /* libARMulti.a */; };
		4360303A129F0130002B9B68 /* libARvideo.a in Frameworks */ = {isa = PBXBuildFile; fileRef = 43603034129F0130002B9B68 /* libARvideo.a */; };
		4360303E129F0157002B9B68 /* art.jit.h in Headers */ = {isa = PBXBuildFile; fileRef = 4360303B129F0157002B9B68 /* art.jit.h */; };
		4360303F129F0157002B9B68 /* art.jit.simple.c in Sources */ = {isa = PBXBuildFile; fileRef = 4360303C129F0157002B9B68 /* art.jit.simple.c */; };
		43603040129F0157002B9B68 /* max.art.jit.simple.c in Sources */ = {isa = PBXBuildFile; fileRef = 4360303D129F0157002B9B68 /* max.art.jit.simple.c */; };
		43603211129F0858002B9B68 /* avjit-target.xcconfig in Resources */ = {isa = PBXBuildFile; fileRef = 43603210129F0858002B9B68 /* avjit-target.xcconfig */; };
/* End PBXBuildFile section */

/* Begin PBXFileReference section */
		22301F4910D7BC6C00C1989F /* JitterAPI.framework */ = {isa = PBXFileReference; lastKnownFileType = wrapper.framework; name = JitterAPI.framework; path = "../../c74support/jit-includes/JitterAPI.framework"; sourceTree = SOURCE_ROOT; };
		2FBBEAE508F335360078DB84 /* av.jit.artsimple.mxo */ = {isa = PBXFileReference; explicitFileType = wrapper.cfbundle; includeInIndex = 0; path = av.jit.artsimple.mxo; sourceTree = BUILT_PRODUCTS_DIR; };
		4360302D129F00D4002B9B68 /* avjit.xcconfig */ = {isa = PBXFileReference; fileEncoding = 4; lastKnownFileType = text.xcconfig; name = avjit.xcconfig; path = SDK/avjit/project/OSX/avjit.xcconfig; sourceTree = DEVELOPER_DIR; };
		4360302F129F0130002B9B68 /* libAR.a */ = {isa = PBXFileReference; lastKnownFileType = archive.ar; name = libAR.a; path = SDK/avjit/lib/libAR.a; sourceTree = DEVELOPER_DIR; };
		43603030129F0130002B9B68 /* libARgsub_lite.a */ = {isa = PBXFileReference; lastKnownFileType = archive.ar; name = libARgsub_lite.a; path = SDK/avjit/lib/libARgsub_lite.a; sourceTree = DEVELOPER_DIR; };
		43603031129F0130002B9B68 /* libARgsub.a */ = {isa = PBXFileReference; lastKnownFileType = archive.ar; name = libARgsub.a; path = SDK/avjit/lib/libARgsub.a; sourceTree = DEVELOPER_DIR; };
		43603032129F0130002B9B68 /* libARgsubUtil.a */ = {isa = PBXFileReference; lastKnownFileType = archive.ar; name = libARgsubUtil.a; path = SDK/avjit/lib/libARgsubUtil.a; sourceTree = DEVELOPER_DIR; };
		43603033129F0130002B9B68 /* libARMulti.a */ = {isa = PBXFileReference; lastKnownFileType = archive.ar; name = libARMulti.a; path = SDK/avjit/lib/libARMulti.a; sourceTree = DEVELOPER_DIR; };
		43603034129F0130002B9B68 /* libARvideo.a */ = {isa = PBXFileReference; lastKnownFileType = archive.ar; name = libARvideo.a; path = SDK/avjit/lib/libARvideo.a; sourceTree = DEVELOPER_DIR; };
		4360303B129F0157002B9B68 /* art.jit.h */ = {isa = PBXFileReference; fileEncoding = 4; lastKnownFileType = sourcecode.c.h; name = art.jit.h; path = SDK/avjit/scr/ARToolkit/art.jit.h; sourceTree = DEVELOPER_DIR; };
		4360303C129F0157002B9B68 /* art.jit.simple.c */ = {isa = PBXFileReference; fileEncoding = 4; lastKnownFileType = sourcecode.c.c; name = art.jit.simple.c; path = SDK/avjit/scr/ARToolkit/art.jit.simple.c; sourceTree = DEVELOPER_DIR; };
		4360303D129F0157002B9B68 /* max.art.jit.simple.c */ = {isa = PBXFileReference; fileEncoding = 4; lastKnownFileType = sourcecode.c.c; name = max.art.jit.simple.c; path = SDK/avjit/scr/ARToolkit/max.art.jit.simple.c; sourceTree = DEVELOPER_DIR; };
		43603210129F0858002B9B68 /* avjit-target.xcconfig */ = {isa = PBXFileReference; fileEncoding = 4; lastKnownFileType = text.xcconfig; name = "avjit-target.xcconfig"; path = "SDK/avjit/project/OSX/avjit-target.xcconfig"; sourceTree = DEVELOPER_DIR; };
		54266BCE05E6E9780000000C /* MaxAPI.framework */ = {isa = PBXFileReference; lastKnownFileType = wrapper.framework; name = MaxAPI.framework; path = "../../c74support/max-includes/MaxAPI.framework"; sourceTree = SOURCE_ROOT; };
/* End PBXFileReference section */

/* Begin PBXFrameworksBuildPhase section */
		2FBBEADC08F335360078DB84 /* Frameworks */ = {
			isa = PBXFrameworksBuildPhase;
			buildActionMask = 2147483647;
			files = (
				2FBBEADE08F335360078DB84 /* MaxAPI.framework in Frameworks */,
				22301F4A10D7BC6C00C1989F /* JitterAPI.framework in Frameworks */,
				43603035129F0130002B9B68 /* libAR.a in Frameworks */,
				43603036129F0130002B9B68 /* libARgsub_lite.a in Frameworks */,
				43603037129F0130002B9B68 /* libARgsub.a in Frameworks */,
				43603038129F0130002B9B68 /* libARgsubUtil.a in Frameworks */,
				43603039129F0130002B9B68 /* libARMulti.a in Frameworks */,
				4360303A129F0130002B9B68 /* libARvideo.a in Frameworks */,
			);
			runOnlyForDeploymentPostprocessing = 0;
		};
/* End PBXFrameworksBuildPhase section */

/* Begin PBXGroup section */
		089C166AFE841209C02AAC07 /* iterator */ = {
			isa = PBXGroup;
			children = (
				43603210129F0858002B9B68 /* avjit-target.xcconfig */,
				4360302D129F00D4002B9B68 /* avjit.xcconfig */,
				08FB77ADFE841716C02AAC07 /* Source */,
				089C1671FE841209C02AAC07 /* External Frameworks and Libraries */,
				19C28FB4FE9D528D11CA2CBB /* Products */,
			);
			name = iterator;
			sourceTree = "<group>";
		};
		089C1671FE841209C02AAC07 /* External Frameworks and Libraries */ = {
			isa = PBXGroup;
			children = (
				4360302F129F0130002B9B68 /* libAR.a */,
				43603030129F0130002B9B68 /* libARgsub_lite.a */,
				43603031129F0130002B9B68 /* libARgsub.a */,
				43603032129F0130002B9B68 /* libARgsubUtil.a */,
				43603033129F0130002B9B68 /* libARMulti.a */,
				43603034129F0130002B9B68 /* libARvideo.a */,
				54266BCE05E6E9780000000C /* MaxAPI.framework */,
				22301F4910D7BC6C00C1989F /* JitterAPI.framework */,
			);
			name = "External Frameworks and Libraries";
			sourceTree = "<group>";
		};
		08FB77ADFE841716C02AAC07 /* Source */ = {
			isa = PBXGroup;
			children = (
				4360303B129F0157002B9B68 /* art.jit.h */,
				4360303C129F0157002B9B68 /* art.jit.simple.c */,
				4360303D129F0157002B9B68 /* max.art.jit.simple.c */,
			);
			name = Source;
			sourceTree = "<group>";
		};
		19C28FB4FE9D528D11CA2CBB /* Products */ = {
			isa = PBXGroup;
			children = (
				2FBBEAE508F335360078DB84 /* av.jit.artsimple.mxo */,
			);
			name = Products;
			sourceTree = "<group>";
		};
/* End PBXGroup section */

/* Begin PBXHeadersBuildPhase section */
		2FBBEAD708F335360078DB84 /* Headers */ = {
			isa = PBXHeadersBuildPhase;
			buildActionMask = 2147483647;
			files = (
				4360303E129F0157002B9B68 /* art.jit.h in Headers */,
			);
			runOnlyForDeploymentPostprocessing = 0;
		};
/* End PBXHeadersBuildPhase section */

/* Begin PBXNativeTarget section */
		2FBBEAD608F335360078DB84 /* max-external */ = {
			isa = PBXNativeTarget;
			buildConfigurationList = 2FBBEAE008F335360078DB84 /* Build configuration list for PBXNativeTarget "max-external" */;
			buildPhases = (
				2FBBEAD708F335360078DB84 /* Headers */,
				2FBBEAD808F335360078DB84 /* Resources */,
				2FBBEADA08F335360078DB84 /* Sources */,
				2FBBEADC08F335360078DB84 /* Frameworks */,
				2FBBEADF08F335360078DB84 /* Rez */,
				43880F1B1246B2F300D87D46 /* ShellScript */,
			);
			buildRules = (
			);
			dependencies = (
			);
			name = "max-external";
			productName = iterator;
			productReference = 2FBBEAE508F335360078DB84 /* av.jit.artsimple.mxo */;
			productType = "com.apple.product-type.bundle";
		};
/* End PBXNativeTarget section */

/* Begin PBXProject section */
		089C1669FE841209C02AAC07 /* Project object */ = {
			isa = PBXProject;
			buildConfigurationList = 2FBBEACF08F335010078DB84 /* Build configuration list for PBXProject "av.jit.artsimple" */;
			compatibilityVersion = "Xcode 3.0";
			developmentRegion = English;
			hasScannedForEncodings = 1;
			knownRegions = (
				English,
				Japanese,
				French,
				German,
			);
			mainGroup = 089C166AFE841209C02AAC07 /* iterator */;
			projectDirPath = "";
			projectRoot = "";
			targets = (
				2FBBEAD608F335360078DB84 /* max-external */,
			);
		};
/* End PBXProject section */

/* Begin PBXResourcesBuildPhase section */
		2FBBEAD808F335360078DB84 /* Resources */ = {
			isa = PBXResourcesBuildPhase;
			buildActionMask = 2147483647;
			files = (
				4360302E129F00D4002B9B68 /* avjit.xcconfig in Resources */,
				43603211129F0858002B9B68 /* avjit-target.xcconfig in Resources */,
			);
			runOnlyForDeploymentPostprocessing = 0;
		};
/* End PBXResourcesBuildPhase section */

/* Begin PBXRezBuildPhase section */
		2FBBEADF08F335360078DB84 /* Rez */ = {
			isa = PBXRezBuildPhase;
			buildActionMask = 2147483647;
			files = (
			);
			runOnlyForDeploymentPostprocessing = 0;
		};
/* End PBXRezBuildPhase section */

/* Begin PBXShellScriptBuildPhase section */
		43880F1B1246B2F300D87D46 /* ShellScript */ = {
			isa = PBXShellScriptBuildPhase;
			buildActionMask = 2147483647;
			files = (
			);
			inputPaths = (
			);
			outputPaths = (
			);
			runOnlyForDeploymentPostprocessing = 0;
			shellPath = /bin/bash;
			shellScript = "";
		};
/* End PBXShellScriptBuildPhase section */

/* Begin PBXSourcesBuildPhase section */
		2FBBEADA08F335360078DB84 /* Sources */ = {
			isa = PBXSourcesBuildPhase;
			buildActionMask = 2147483647;
			files = (
				4360303F129F0157002B9B68 /* art.jit.simple.c in Sources */,
				43603040129F0157002B9B68 /* max.art.jit.simple.c in Sources */,
			);
			runOnlyForDeploymentPostprocessing = 0;
		};
/* End PBXSourcesBuildPhase section */

/* Begin XCBuildConfiguration section */
		2FBBEAD008F335010078DB84 /* Development */ = {
			isa = XCBuildConfiguration;
			baseConfigurationReference = 4360302D129F00D4002B9B68 /* avjit.xcconfig */;
			buildSettings = {
			};
			name = Development;
		};
		2FBBEAD108F335010078DB84 /* Deployment */ = {
			isa = XCBuildConfiguration;
			baseConfigurationReference = 4360302D129F00D4002B9B68 /* avjit.xcconfig */;
			buildSettings = {
			};
			name = Deployment;
		};
		2FBBEAE108F335360078DB84 /* Development */ = {
			isa = XCBuildConfiguration;
			baseConfigurationReference = 43603210129F0858002B9B68 /* avjit-target.xcconfig */;
			buildSettings = {
			};
			name = Development;
		};
		2FBBEAE208F335360078DB84 /* Deployment */ = {
			isa = XCBuildConfiguration;
			baseConfigurationReference = 43603210129F0858002B9B68 /* avjit-target.xcconfig */;
			buildSettings = {
			};
			name = Deployment;
		};
/* End XCBuildConfiguration section */

/* Begin XCConfigurationList section */
		2FBBEACF08F335010078DB84 /* Build configuration list for PBXProject "av.jit.artsimple" */ = {
			isa = XCConfigurationList;
			buildConfigurations = (
				2FBBEAD008F335010078DB84 /* Development */,
				2FBBEAD108F335010078DB84 /* Deployment */,
			);
			defaultConfigurationIsVisible = 0;
			defaultConfigurationName = Development;
		};
		2FBBEAE008F335360078DB84 /* Build configuration list for PBXNativeTarget "max-external" */ = {
			isa = XCConfigurationList;
			buildConfigurations = (
				2FBBEAE108F335360078DB84 /* Development */,
				2FBBEAE208F335360078DB84 /* Deployment */,
			);
			defaultConfigurationIsVisible = 0;
			defaultConfigurationName = Development;
		};
/* End XCConfigurationList section */
	};
	rootObject = 089C1669FE841209C02AAC07 /* Project object */;
}
